
Microsoft Visual Studio Solution File, Format Version 12.00
# Visual Studio Version 16
VisualStudioVersion = 16.0.29905.134
MinimumVisualStudioVersion = 10.0.40219.1
Project("{FAE04EC0-301F-11D3-BF4B-00C04F79EFBC}") = "MainForm", "MainForm\MainForm.csproj", "{3277E2B5-967B-48C3-BBAA-151C9DFDD127}"
EndProject
Project("{FAE04EC0-301F-11D3-BF4B-00C04F79EFBC}") = "UnitTests", "UnitTests\UnitTests.csproj", "{A87FAB01-A17B-415D-98BF-8082558DE578}"
EndProject
Global
	GlobalSection(SolutionConfigurationPlatforms) = preSolution
		Debug|Any CPU = Debug|Any CPU
		Release|Any CPU = Release|Any CPU
	EndGlobalSection
	GlobalSection(ProjectConfigurationPlatforms) = postSolution
		{3277E2B5-967B-48C3-BBAA-151C9DFDD127}.Debug|Any CPU.ActiveCfg = Debug|Any CPU
		{3277E2B5-967B-48C3-BBAA-151C9DFDD127}.Debug|Any CPU.Build.0 = Debug|Any CPU
		{3277E2B5-967B-48C3-BBAA-151C9DFDD127}.Release|Any CPU.ActiveCfg = Release|Any CPU
		{3277E2B5-967B-48C3-BBAA-151C9DFDD127}.Release|Any CPU.Build.0 = Release|Any CPU
		{A87FAB01-A17B-415D-98BF-8082558DE578}.Debug|Any CPU.ActiveCfg = Debug|Any CPU
		{A87FAB01-A17B-415D-98BF-8082558DE578}.Debug|Any CPU.Build.0 = Debug|Any CPU
		{A87FAB01-A17B-415D-98BF-8082558DE578}.Release|Any CPU.ActiveCfg = Release|Any CPU
		{A87FAB01-A17B-415D-98BF-8082558DE578}.Release|Any CPU.Build.0 = Release|Any CPU
	EndGlobalSection
	GlobalSection(SolutionProperties) = preSolution
		HideSolutionNode = FALSE
	EndGlobalSection
	GlobalSection(ExtensibilityGlobals) = postSolution
		SolutionGuid = {74D74C4D-3948-452F-AF99-FB5C0B8E3A92}
	EndGlobalSection
EndGlobal
